// !$*UTF8*$!
{
	archiveVersion = 1;
	classes = {
	};
	objectVersion = 56;
	objects = {

/* Begin PBXBuildFile section */
		081EDA9C2C1029FA008573AF /* SignupRequestDTO.swift in Sources */ = {isa = PBXBuildFile; fileRef = 081EDA9B2C1029FA008573AF /* SignupRequestDTO.swift */; };
		081EDA9E2C102A54008573AF /* SignupAPI.swift in Sources */ = {isa = PBXBuildFile; fileRef = 081EDA9D2C102A54008573AF /* SignupAPI.swift */; };
		081EDAA02C102A77008573AF /* SignupResponseDTO.swift in Sources */ = {isa = PBXBuildFile; fileRef = 081EDA9F2C102A77008573AF /* SignupResponseDTO.swift */; };
		0833EF712BE4B9210024FB2C /* CustomCalendarView.swift in Sources */ = {isa = PBXBuildFile; fileRef = 0833EF702BE4B9210024FB2C /* CustomCalendarView.swift */; };
		0833EF762BE4C0730024FB2C /* CalendarDateCell.swift in Sources */ = {isa = PBXBuildFile; fileRef = 0833EF752BE4C0730024FB2C /* CalendarDateCell.swift */; };
		083FBCCA2BF8A4710054D010 /* ToolTipView.swift in Sources */ = {isa = PBXBuildFile; fileRef = 083FBCC92BF8A4710054D010 /* ToolTipView.swift */; };
		083FBCCC2BF8AF8D0054D010 /* LevelProgressView.swift in Sources */ = {isa = PBXBuildFile; fileRef = 083FBCCB2BF8AF8D0054D010 /* LevelProgressView.swift */; };
		0845E53F2C0319F500B6A4D6 /* RecordType.swift in Sources */ = {isa = PBXBuildFile; fileRef = 0845E53E2C0319F500B6A4D6 /* RecordType.swift */; };
		0845E5422C031F9E00B6A4D6 /* CustomTextField.swift in Sources */ = {isa = PBXBuildFile; fileRef = 0845E5412C031F9E00B6A4D6 /* CustomTextField.swift */; };
		0851FD232BEDEB35002B17E4 /* TicketBookVC.swift in Sources */ = {isa = PBXBuildFile; fileRef = 0851FD222BEDEB35002B17E4 /* TicketBookVC.swift */; };
		0851FD252BEDFDC4002B17E4 /* TicketBookCollectionViewCell.swift in Sources */ = {isa = PBXBuildFile; fileRef = 0851FD242BEDFDC4002B17E4 /* TicketBookCollectionViewCell.swift */; };
		0856A61E2C098F18001198E1 /* AddRecordPhotoVC.swift in Sources */ = {isa = PBXBuildFile; fileRef = 0856A61D2C098F18001198E1 /* AddRecordPhotoVC.swift */; };
		0856A6212C099B45001198E1 /* PhotoService.swift in Sources */ = {isa = PBXBuildFile; fileRef = 0856A6202C099B45001198E1 /* PhotoService.swift */; };
		0866DBC92C0B01D300FBBDB5 /* AddPhotoCell.swift in Sources */ = {isa = PBXBuildFile; fileRef = 0866DBC82C0B01D300FBBDB5 /* AddPhotoCell.swift */; };
		0866DBCB2C0B299200FBBDB5 /* UICollectionView+.swift in Sources */ = {isa = PBXBuildFile; fileRef = 0866DBCA2C0B299200FBBDB5 /* UICollectionView+.swift */; };
		0866DBD02C0B455800FBBDB5 /* CustomButton.swift in Sources */ = {isa = PBXBuildFile; fileRef = 0866DBCF2C0B455800FBBDB5 /* CustomButton.swift */; };
		0866DBD22C0B8BCF00FBBDB5 /* SignUpVC.swift in Sources */ = {isa = PBXBuildFile; fileRef = 0866DBD12C0B8BCF00FBBDB5 /* SignUpVC.swift */; };
		0866DBD42C0BA57600FBBDB5 /* String+.swift in Sources */ = {isa = PBXBuildFile; fileRef = 0866DBD32C0BA57600FBBDB5 /* String+.swift */; };
		0875CA6A2C0A07BC00F55B9E /* AddPhotoButtonView.swift in Sources */ = {isa = PBXBuildFile; fileRef = 0875CA692C0A07BC00F55B9E /* AddPhotoButtonView.swift */; };
		0875CA6D2C0A486100F55B9E /* AddRecordPhotoCell.swift in Sources */ = {isa = PBXBuildFile; fileRef = 0875CA6C2C0A486100F55B9E /* AddRecordPhotoCell.swift */; };
		08854E842C045208009E6AA6 /* FourTextFieldsView.swift in Sources */ = {isa = PBXBuildFile; fileRef = 08854E832C045208009E6AA6 /* FourTextFieldsView.swift */; };
		088D5C162C05B4F500C574C4 /* FiveTextFieldsView.swift in Sources */ = {isa = PBXBuildFile; fileRef = 088D5C152C05B4F500C574C4 /* FiveTextFieldsView.swift */; };
		08A304412C122C160014F24B /* LoginRequestDTO.swift in Sources */ = {isa = PBXBuildFile; fileRef = 08A304402C122C160014F24B /* LoginRequestDTO.swift */; };
		08A304432C122C360014F24B /* LoginResponseDTO.swift in Sources */ = {isa = PBXBuildFile; fileRef = 08A304422C122C360014F24B /* LoginResponseDTO.swift */; };
		08B856472BF1D9370034E86D /* TicketBookDetailVC.swift in Sources */ = {isa = PBXBuildFile; fileRef = 08B856462BF1D9370034E86D /* TicketBookDetailVC.swift */; };
		08C4600D2BFA70BF00DE0BBB /* TagLabel.swift in Sources */ = {isa = PBXBuildFile; fileRef = 08C4600C2BFA70BF00DE0BBB /* TagLabel.swift */; };
		08C72DAA2C06EECA00999350 /* HeaderView.swift in Sources */ = {isa = PBXBuildFile; fileRef = 08C72DA92C06EECA00999350 /* HeaderView.swift */; };
		08D0CF352BF71284005CBECA /* LabelWithPadding.swift in Sources */ = {isa = PBXBuildFile; fileRef = 08D0CF342BF71284005CBECA /* LabelWithPadding.swift */; };
		08D0CF372BF715E0005CBECA /* UIBezierPath+.swift in Sources */ = {isa = PBXBuildFile; fileRef = 08D0CF362BF715E0005CBECA /* UIBezierPath+.swift */; };
		08D0CF392BF716AC005CBECA /* UIView+.swift in Sources */ = {isa = PBXBuildFile; fileRef = 08D0CF382BF716AC005CBECA /* UIView+.swift */; };
		08D1F5CA2C0D6FAC00F1AB49 /* NetworkManager.swift in Sources */ = {isa = PBXBuildFile; fileRef = 08D1F5C92C0D6FAC00F1AB49 /* NetworkManager.swift */; };
		08D1F5CF2C0D6FEA00F1AB49 /* TestAPI.swift in Sources */ = {isa = PBXBuildFile; fileRef = 08D1F5CE2C0D6FEA00F1AB49 /* TestAPI.swift */; };
		08D1F5D12C0D6FEF00F1AB49 /* TestDTO.swift in Sources */ = {isa = PBXBuildFile; fileRef = 08D1F5D02C0D6FEF00F1AB49 /* TestDTO.swift */; };
		08D1F5D32C0D71B300F1AB49 /* HTTPMethods.swift in Sources */ = {isa = PBXBuildFile; fileRef = 08D1F5D22C0D71B300F1AB49 /* HTTPMethods.swift */; };
		08D1F5D52C0D71CF00F1AB49 /* NetworkError.swift in Sources */ = {isa = PBXBuildFile; fileRef = 08D1F5D42C0D71CF00F1AB49 /* NetworkError.swift */; };
		08D1F5D72C0D71F100F1AB49 /* NetworkService.swift in Sources */ = {isa = PBXBuildFile; fileRef = 08D1F5D62C0D71F100F1AB49 /* NetworkService.swift */; };
		08D1F5D92C0D72AA00F1AB49 /* ServableAPI.swift in Sources */ = {isa = PBXBuildFile; fileRef = 08D1F5D82C0D72AA00F1AB49 /* ServableAPI.swift */; };
		08D1F5DC2C0D73A700F1AB49 /* NetworkingTestVC.swift in Sources */ = {isa = PBXBuildFile; fileRef = 08D1F5DB2C0D73A700F1AB49 /* NetworkingTestVC.swift */; };
		08D1F5DE2C0D7F3F00F1AB49 /* NewUserProfileVC.swift in Sources */ = {isa = PBXBuildFile; fileRef = 08D1F5DD2C0D7F3F00F1AB49 /* NewUserProfileVC.swift */; };
		08E0F5822BFF9CE6000A046D /* TicketImage.png in Resources */ = {isa = PBXBuildFile; fileRef = 08E0F5812BFF9CE6000A046D /* TicketImage.png */; };
		08E0F5842BFFB7D2000A046D /* TagCollectionViewCell.swift in Sources */ = {isa = PBXBuildFile; fileRef = 08E0F5832BFFB7D2000A046D /* TagCollectionViewCell.swift */; };
		08E0F5892C0013F7000A046D /* RecordTypeVC.swift in Sources */ = {isa = PBXBuildFile; fileRef = 08E0F5882C0013F7000A046D /* RecordTypeVC.swift */; };
		08E0F58C2C0017BA000A046D /* NextButton.swift in Sources */ = {isa = PBXBuildFile; fileRef = 08E0F58B2C0017BA000A046D /* NextButton.swift */; };
		08E0F58F2C001C8D000A046D /* RecordTypeCollectionViewCell.swift in Sources */ = {isa = PBXBuildFile; fileRef = 08E0F58E2C001C8D000A046D /* RecordTypeCollectionViewCell.swift */; };
		08E0F5942C0027A1000A046D /* AddRecordDetailVC.swift in Sources */ = {isa = PBXBuildFile; fileRef = 08E0F5932C0027A1000A046D /* AddRecordDetailVC.swift */; };
		385FD0D42BFFC44A005F0532 /* SearchRecordDetailVC.swift in Sources */ = {isa = PBXBuildFile; fileRef = 385FD0D32BFFC44A005F0532 /* SearchRecordDetailVC.swift */; };
		3874B5F22BE43247003376F7 /* AppDelegate.swift in Sources */ = {isa = PBXBuildFile; fileRef = 3874B5F12BE43247003376F7 /* AppDelegate.swift */; };
		3874B5F42BE43247003376F7 /* SceneDelegate.swift in Sources */ = {isa = PBXBuildFile; fileRef = 3874B5F32BE43247003376F7 /* SceneDelegate.swift */; };
		3874B5F62BE43247003376F7 /* ViewController.swift in Sources */ = {isa = PBXBuildFile; fileRef = 3874B5F52BE43247003376F7 /* ViewController.swift */; };
		3874B5F92BE43247003376F7 /* Base in Resources */ = {isa = PBXBuildFile; fileRef = 3874B5F82BE43247003376F7 /* Base */; };
		3874B5FB2BE43248003376F7 /* Assets.xcassets in Resources */ = {isa = PBXBuildFile; fileRef = 3874B5FA2BE43248003376F7 /* Assets.xcassets */; };
		3874B5FE2BE43248003376F7 /* Base in Resources */ = {isa = PBXBuildFile; fileRef = 3874B5FD2BE43248003376F7 /* Base */; };
		3874B6082BE4328A003376F7 /* Color.swift in Sources */ = {isa = PBXBuildFile; fileRef = 3874B6072BE4328A003376F7 /* Color.swift */; };
		3874B60A2BE43291003376F7 /* Font.swift in Sources */ = {isa = PBXBuildFile; fileRef = 3874B6092BE43291003376F7 /* Font.swift */; };
		3874B60E2BE432E0003376F7 /* TabBarVC.swift in Sources */ = {isa = PBXBuildFile; fileRef = 3874B60D2BE432E0003376F7 /* TabBarVC.swift */; };
		3874B6162BE4334F003376F7 /* AuthVC.swift in Sources */ = {isa = PBXBuildFile; fileRef = 3874B6152BE4334F003376F7 /* AuthVC.swift */; };
		3874B6182BE43363003376F7 /* LoginVC.swift in Sources */ = {isa = PBXBuildFile; fileRef = 3874B6172BE43363003376F7 /* LoginVC.swift */; };
		3874B61A2BE4336B003376F7 /* HomeVC.swift in Sources */ = {isa = PBXBuildFile; fileRef = 3874B6192BE4336B003376F7 /* HomeVC.swift */; };
		3874B61C2BE43373003376F7 /* SearchVC.swift in Sources */ = {isa = PBXBuildFile; fileRef = 3874B61B2BE43373003376F7 /* SearchVC.swift */; };
		3874B61E2BE4337C003376F7 /* RecordVC.swift in Sources */ = {isa = PBXBuildFile; fileRef = 3874B61D2BE4337C003376F7 /* RecordVC.swift */; };
		3874B6202BE43383003376F7 /* MypageVC.swift in Sources */ = {isa = PBXBuildFile; fileRef = 3874B61F2BE43383003376F7 /* MypageVC.swift */; };
		389F8A642BF72168004593B5 /* EditPasswordVC.swift in Sources */ = {isa = PBXBuildFile; fileRef = 389F8A632BF72168004593B5 /* EditPasswordVC.swift */; };
		389F8A662BF7222C004593B5 /* Image.swift in Sources */ = {isa = PBXBuildFile; fileRef = 389F8A652BF7222C004593B5 /* Image.swift */; };
		389F8A682BF72461004593B5 /* FriendRequestVC.swift in Sources */ = {isa = PBXBuildFile; fileRef = 389F8A672BF72461004593B5 /* FriendRequestVC.swift */; };
		389F8A6A2BF7246A004593B5 /* ViewFriendVC.swift in Sources */ = {isa = PBXBuildFile; fileRef = 389F8A692BF7246A004593B5 /* ViewFriendVC.swift */; };
		389F8A6C2BF72474004593B5 /* EditProfileVC.swift in Sources */ = {isa = PBXBuildFile; fileRef = 389F8A6B2BF72474004593B5 /* EditProfileVC.swift */; };
		389F8A6E2BF7247F004593B5 /* WithdrawalVC.swift in Sources */ = {isa = PBXBuildFile; fileRef = 389F8A6D2BF7247F004593B5 /* WithdrawalVC.swift */; };
		389F8A702BF725D4004593B5 /* ProfileTableViewCell.swift in Sources */ = {isa = PBXBuildFile; fileRef = 389F8A6F2BF725D4004593B5 /* ProfileTableViewCell.swift */; };
		38D97E672BF5D0CE00A03D56 /* CALayer.swift in Sources */ = {isa = PBXBuildFile; fileRef = 38D97E662BF5D0CE00A03D56 /* CALayer.swift */; };
		38D97E692BF5D0E300A03D56 /* AddRecordVC.swift in Sources */ = {isa = PBXBuildFile; fileRef = 38D97E682BF5D0E300A03D56 /* AddRecordVC.swift */; };
/* End PBXBuildFile section */

/* Begin PBXFileReference section */
		081EDA9B2C1029FA008573AF /* SignupRequestDTO.swift */ = {isa = PBXFileReference; lastKnownFileType = sourcecode.swift; path = SignupRequestDTO.swift; sourceTree = "<group>"; };
		081EDA9D2C102A54008573AF /* SignupAPI.swift */ = {isa = PBXFileReference; lastKnownFileType = sourcecode.swift; path = SignupAPI.swift; sourceTree = "<group>"; };
		081EDA9F2C102A77008573AF /* SignupResponseDTO.swift */ = {isa = PBXFileReference; lastKnownFileType = sourcecode.swift; path = SignupResponseDTO.swift; sourceTree = "<group>"; };
		0833EF702BE4B9210024FB2C /* CustomCalendarView.swift */ = {isa = PBXFileReference; lastKnownFileType = sourcecode.swift; path = CustomCalendarView.swift; sourceTree = "<group>"; };
		0833EF752BE4C0730024FB2C /* CalendarDateCell.swift */ = {isa = PBXFileReference; lastKnownFileType = sourcecode.swift; path = CalendarDateCell.swift; sourceTree = "<group>"; };
		083FBCC92BF8A4710054D010 /* ToolTipView.swift */ = {isa = PBXFileReference; lastKnownFileType = sourcecode.swift; path = ToolTipView.swift; sourceTree = "<group>"; };
		083FBCCB2BF8AF8D0054D010 /* LevelProgressView.swift */ = {isa = PBXFileReference; lastKnownFileType = sourcecode.swift; path = LevelProgressView.swift; sourceTree = "<group>"; };
		0845E53E2C0319F500B6A4D6 /* RecordType.swift */ = {isa = PBXFileReference; lastKnownFileType = sourcecode.swift; path = RecordType.swift; sourceTree = "<group>"; };
		0845E5412C031F9E00B6A4D6 /* CustomTextField.swift */ = {isa = PBXFileReference; lastKnownFileType = sourcecode.swift; path = CustomTextField.swift; sourceTree = "<group>"; };
		0851FD222BEDEB35002B17E4 /* TicketBookVC.swift */ = {isa = PBXFileReference; lastKnownFileType = sourcecode.swift; path = TicketBookVC.swift; sourceTree = "<group>"; };
		0851FD242BEDFDC4002B17E4 /* TicketBookCollectionViewCell.swift */ = {isa = PBXFileReference; lastKnownFileType = sourcecode.swift; path = TicketBookCollectionViewCell.swift; sourceTree = "<group>"; };
		0856A61D2C098F18001198E1 /* AddRecordPhotoVC.swift */ = {isa = PBXFileReference; lastKnownFileType = sourcecode.swift; path = AddRecordPhotoVC.swift; sourceTree = "<group>"; };
		0856A6202C099B45001198E1 /* PhotoService.swift */ = {isa = PBXFileReference; lastKnownFileType = sourcecode.swift; path = PhotoService.swift; sourceTree = "<group>"; };
		0866DBC82C0B01D300FBBDB5 /* AddPhotoCell.swift */ = {isa = PBXFileReference; lastKnownFileType = sourcecode.swift; path = AddPhotoCell.swift; sourceTree = "<group>"; };
		0866DBCA2C0B299200FBBDB5 /* UICollectionView+.swift */ = {isa = PBXFileReference; lastKnownFileType = sourcecode.swift; path = "UICollectionView+.swift"; sourceTree = "<group>"; };
		0866DBCF2C0B455800FBBDB5 /* CustomButton.swift */ = {isa = PBXFileReference; lastKnownFileType = sourcecode.swift; path = CustomButton.swift; sourceTree = "<group>"; };
		0866DBD12C0B8BCF00FBBDB5 /* SignUpVC.swift */ = {isa = PBXFileReference; lastKnownFileType = sourcecode.swift; path = SignUpVC.swift; sourceTree = "<group>"; };
		0866DBD32C0BA57600FBBDB5 /* String+.swift */ = {isa = PBXFileReference; lastKnownFileType = sourcecode.swift; path = "String+.swift"; sourceTree = "<group>"; };
		0875CA692C0A07BC00F55B9E /* AddPhotoButtonView.swift */ = {isa = PBXFileReference; lastKnownFileType = sourcecode.swift; path = AddPhotoButtonView.swift; sourceTree = "<group>"; };
		0875CA6C2C0A486100F55B9E /* AddRecordPhotoCell.swift */ = {isa = PBXFileReference; lastKnownFileType = sourcecode.swift; path = AddRecordPhotoCell.swift; sourceTree = "<group>"; };
		08854E832C045208009E6AA6 /* FourTextFieldsView.swift */ = {isa = PBXFileReference; lastKnownFileType = sourcecode.swift; path = FourTextFieldsView.swift; sourceTree = "<group>"; };
		088D5C152C05B4F500C574C4 /* FiveTextFieldsView.swift */ = {isa = PBXFileReference; lastKnownFileType = sourcecode.swift; path = FiveTextFieldsView.swift; sourceTree = "<group>"; };
		08A304402C122C160014F24B /* LoginRequestDTO.swift */ = {isa = PBXFileReference; lastKnownFileType = sourcecode.swift; path = LoginRequestDTO.swift; sourceTree = "<group>"; };
		08A304422C122C360014F24B /* LoginResponseDTO.swift */ = {isa = PBXFileReference; lastKnownFileType = sourcecode.swift; path = LoginResponseDTO.swift; sourceTree = "<group>"; };
		08B856462BF1D9370034E86D /* TicketBookDetailVC.swift */ = {isa = PBXFileReference; lastKnownFileType = sourcecode.swift; path = TicketBookDetailVC.swift; sourceTree = "<group>"; };
		08C4600C2BFA70BF00DE0BBB /* TagLabel.swift */ = {isa = PBXFileReference; lastKnownFileType = sourcecode.swift; path = TagLabel.swift; sourceTree = "<group>"; };
		08C72DA92C06EECA00999350 /* HeaderView.swift */ = {isa = PBXFileReference; lastKnownFileType = sourcecode.swift; path = HeaderView.swift; sourceTree = "<group>"; };
		08D0CF342BF71284005CBECA /* LabelWithPadding.swift */ = {isa = PBXFileReference; lastKnownFileType = sourcecode.swift; path = LabelWithPadding.swift; sourceTree = "<group>"; };
		08D0CF362BF715E0005CBECA /* UIBezierPath+.swift */ = {isa = PBXFileReference; lastKnownFileType = sourcecode.swift; path = "UIBezierPath+.swift"; sourceTree = "<group>"; };
		08D0CF382BF716AC005CBECA /* UIView+.swift */ = {isa = PBXFileReference; lastKnownFileType = sourcecode.swift; path = "UIView+.swift"; sourceTree = "<group>"; };
		08D1F5C92C0D6FAC00F1AB49 /* NetworkManager.swift */ = {isa = PBXFileReference; lastKnownFileType = sourcecode.swift; path = NetworkManager.swift; sourceTree = "<group>"; };
		08D1F5CE2C0D6FEA00F1AB49 /* TestAPI.swift */ = {isa = PBXFileReference; lastKnownFileType = sourcecode.swift; path = TestAPI.swift; sourceTree = "<group>"; };
		08D1F5D02C0D6FEF00F1AB49 /* TestDTO.swift */ = {isa = PBXFileReference; lastKnownFileType = sourcecode.swift; path = TestDTO.swift; sourceTree = "<group>"; };
		08D1F5D22C0D71B300F1AB49 /* HTTPMethods.swift */ = {isa = PBXFileReference; lastKnownFileType = sourcecode.swift; path = HTTPMethods.swift; sourceTree = "<group>"; };
		08D1F5D42C0D71CF00F1AB49 /* NetworkError.swift */ = {isa = PBXFileReference; lastKnownFileType = sourcecode.swift; path = NetworkError.swift; sourceTree = "<group>"; };
		08D1F5D62C0D71F100F1AB49 /* NetworkService.swift */ = {isa = PBXFileReference; lastKnownFileType = sourcecode.swift; path = NetworkService.swift; sourceTree = "<group>"; };
		08D1F5D82C0D72AA00F1AB49 /* ServableAPI.swift */ = {isa = PBXFileReference; lastKnownFileType = sourcecode.swift; path = ServableAPI.swift; sourceTree = "<group>"; };
		08D1F5DB2C0D73A700F1AB49 /* NetworkingTestVC.swift */ = {isa = PBXFileReference; lastKnownFileType = sourcecode.swift; path = NetworkingTestVC.swift; sourceTree = "<group>"; };
		08D1F5DD2C0D7F3F00F1AB49 /* NewUserProfileVC.swift */ = {isa = PBXFileReference; lastKnownFileType = sourcecode.swift; path = NewUserProfileVC.swift; sourceTree = "<group>"; };
		08E0F5812BFF9CE6000A046D /* TicketImage.png */ = {isa = PBXFileReference; lastKnownFileType = image.png; path = TicketImage.png; sourceTree = "<group>"; };
		08E0F5832BFFB7D2000A046D /* TagCollectionViewCell.swift */ = {isa = PBXFileReference; lastKnownFileType = sourcecode.swift; path = TagCollectionViewCell.swift; sourceTree = "<group>"; };
		08E0F5882C0013F7000A046D /* RecordTypeVC.swift */ = {isa = PBXFileReference; lastKnownFileType = sourcecode.swift; path = RecordTypeVC.swift; sourceTree = "<group>"; };
		08E0F58B2C0017BA000A046D /* NextButton.swift */ = {isa = PBXFileReference; lastKnownFileType = sourcecode.swift; path = NextButton.swift; sourceTree = "<group>"; };
		08E0F58E2C001C8D000A046D /* RecordTypeCollectionViewCell.swift */ = {isa = PBXFileReference; lastKnownFileType = sourcecode.swift; path = RecordTypeCollectionViewCell.swift; sourceTree = "<group>"; };
		08E0F5932C0027A1000A046D /* AddRecordDetailVC.swift */ = {isa = PBXFileReference; lastKnownFileType = sourcecode.swift; path = AddRecordDetailVC.swift; sourceTree = "<group>"; };
		385FD0D32BFFC44A005F0532 /* SearchRecordDetailVC.swift */ = {isa = PBXFileReference; lastKnownFileType = sourcecode.swift; path = SearchRecordDetailVC.swift; sourceTree = "<group>"; };
		3874B5EE2BE43247003376F7 /* ReCulture.app */ = {isa = PBXFileReference; explicitFileType = wrapper.application; includeInIndex = 0; path = ReCulture.app; sourceTree = BUILT_PRODUCTS_DIR; };
		3874B5F12BE43247003376F7 /* AppDelegate.swift */ = {isa = PBXFileReference; lastKnownFileType = sourcecode.swift; path = AppDelegate.swift; sourceTree = "<group>"; };
		3874B5F32BE43247003376F7 /* SceneDelegate.swift */ = {isa = PBXFileReference; lastKnownFileType = sourcecode.swift; path = SceneDelegate.swift; sourceTree = "<group>"; };
		3874B5F52BE43247003376F7 /* ViewController.swift */ = {isa = PBXFileReference; lastKnownFileType = sourcecode.swift; path = ViewController.swift; sourceTree = "<group>"; };
		3874B5F82BE43247003376F7 /* Base */ = {isa = PBXFileReference; lastKnownFileType = file.storyboard; name = Base; path = Base.lproj/Main.storyboard; sourceTree = "<group>"; };
		3874B5FA2BE43248003376F7 /* Assets.xcassets */ = {isa = PBXFileReference; lastKnownFileType = folder.assetcatalog; path = Assets.xcassets; sourceTree = "<group>"; };
		3874B5FD2BE43248003376F7 /* Base */ = {isa = PBXFileReference; lastKnownFileType = file.storyboard; name = Base; path = Base.lproj/LaunchScreen.storyboard; sourceTree = "<group>"; };
		3874B5FF2BE43248003376F7 /* Info.plist */ = {isa = PBXFileReference; lastKnownFileType = text.plist.xml; path = Info.plist; sourceTree = "<group>"; };
		3874B6072BE4328A003376F7 /* Color.swift */ = {isa = PBXFileReference; lastKnownFileType = sourcecode.swift; path = Color.swift; sourceTree = "<group>"; };
		3874B6092BE43291003376F7 /* Font.swift */ = {isa = PBXFileReference; lastKnownFileType = sourcecode.swift; path = Font.swift; sourceTree = "<group>"; };
		3874B60D2BE432E0003376F7 /* TabBarVC.swift */ = {isa = PBXFileReference; lastKnownFileType = sourcecode.swift; path = TabBarVC.swift; sourceTree = "<group>"; };
		3874B6152BE4334F003376F7 /* AuthVC.swift */ = {isa = PBXFileReference; lastKnownFileType = sourcecode.swift; path = AuthVC.swift; sourceTree = "<group>"; };
		3874B6172BE43363003376F7 /* LoginVC.swift */ = {isa = PBXFileReference; lastKnownFileType = sourcecode.swift; path = LoginVC.swift; sourceTree = "<group>"; };
		3874B6192BE4336B003376F7 /* HomeVC.swift */ = {isa = PBXFileReference; lastKnownFileType = sourcecode.swift; path = HomeVC.swift; sourceTree = "<group>"; };
		3874B61B2BE43373003376F7 /* SearchVC.swift */ = {isa = PBXFileReference; lastKnownFileType = sourcecode.swift; path = SearchVC.swift; sourceTree = "<group>"; };
		3874B61D2BE4337C003376F7 /* RecordVC.swift */ = {isa = PBXFileReference; lastKnownFileType = sourcecode.swift; path = RecordVC.swift; sourceTree = "<group>"; };
		3874B61F2BE43383003376F7 /* MypageVC.swift */ = {isa = PBXFileReference; lastKnownFileType = sourcecode.swift; path = MypageVC.swift; sourceTree = "<group>"; };
		389F8A632BF72168004593B5 /* EditPasswordVC.swift */ = {isa = PBXFileReference; lastKnownFileType = sourcecode.swift; path = EditPasswordVC.swift; sourceTree = "<group>"; };
		389F8A652BF7222C004593B5 /* Image.swift */ = {isa = PBXFileReference; lastKnownFileType = sourcecode.swift; path = Image.swift; sourceTree = "<group>"; };
		389F8A672BF72461004593B5 /* FriendRequestVC.swift */ = {isa = PBXFileReference; lastKnownFileType = sourcecode.swift; path = FriendRequestVC.swift; sourceTree = "<group>"; };
		389F8A692BF7246A004593B5 /* ViewFriendVC.swift */ = {isa = PBXFileReference; lastKnownFileType = sourcecode.swift; path = ViewFriendVC.swift; sourceTree = "<group>"; };
		389F8A6B2BF72474004593B5 /* EditProfileVC.swift */ = {isa = PBXFileReference; lastKnownFileType = sourcecode.swift; path = EditProfileVC.swift; sourceTree = "<group>"; };
		389F8A6D2BF7247F004593B5 /* WithdrawalVC.swift */ = {isa = PBXFileReference; lastKnownFileType = sourcecode.swift; path = WithdrawalVC.swift; sourceTree = "<group>"; };
		389F8A6F2BF725D4004593B5 /* ProfileTableViewCell.swift */ = {isa = PBXFileReference; lastKnownFileType = sourcecode.swift; path = ProfileTableViewCell.swift; sourceTree = "<group>"; };
		38D97E662BF5D0CE00A03D56 /* CALayer.swift */ = {isa = PBXFileReference; lastKnownFileType = sourcecode.swift; path = CALayer.swift; sourceTree = "<group>"; };
		38D97E682BF5D0E300A03D56 /* AddRecordVC.swift */ = {isa = PBXFileReference; lastKnownFileType = sourcecode.swift; path = AddRecordVC.swift; sourceTree = "<group>"; };
/* End PBXFileReference section */

/* Begin PBXFrameworksBuildPhase section */
		3874B5EB2BE43247003376F7 /* Frameworks */ = {
			isa = PBXFrameworksBuildPhase;
			buildActionMask = 2147483647;
			files = (
			);
			runOnlyForDeploymentPostprocessing = 0;
		};
/* End PBXFrameworksBuildPhase section */

/* Begin PBXGroup section */
		0833EF732BE4BA810024FB2C /* Calendar */ = {
			isa = PBXGroup;
			children = (
				0833EF742BE4C04F0024FB2C /* cell */,
				0833EF702BE4B9210024FB2C /* CustomCalendarView.swift */,
			);
			path = Calendar;
			sourceTree = "<group>";
		};
		0833EF742BE4C04F0024FB2C /* cell */ = {
			isa = PBXGroup;
			children = (
				0833EF752BE4C0730024FB2C /* CalendarDateCell.swift */,
			);
			path = cell;
			sourceTree = "<group>";
		};
		0845E5402C031F9400B6A4D6 /* Views */ = {
			isa = PBXGroup;
			children = (
				0845E5412C031F9E00B6A4D6 /* CustomTextField.swift */,
				08854E832C045208009E6AA6 /* FourTextFieldsView.swift */,
				088D5C152C05B4F500C574C4 /* FiveTextFieldsView.swift */,
			);
			path = Views;
			sourceTree = "<group>";
		};
		0851FD212BEDEB2A002B17E4 /* TicketBook */ = {
			isa = PBXGroup;
			children = (
				08E0F5852BFFB7DE000A046D /* cell */,
				08E0F5812BFF9CE6000A046D /* TicketImage.png */,
				08B856452BF1D9260034E86D /* TicketBookDetail */,
				0851FD222BEDEB35002B17E4 /* TicketBookVC.swift */,
				08C4600C2BFA70BF00DE0BBB /* TagLabel.swift */,
			);
			path = TicketBook;
			sourceTree = "<group>";
		};
		0856A61C2C098F08001198E1 /* RecordPhoto */ = {
			isa = PBXGroup;
			children = (
				0875CA6B2C0A485100F55B9E /* cell */,
				0856A61F2C099B34001198E1 /* Photos */,
				0856A61D2C098F18001198E1 /* AddRecordPhotoVC.swift */,
				0875CA692C0A07BC00F55B9E /* AddPhotoButtonView.swift */,
			);
			path = RecordPhoto;
			sourceTree = "<group>";
		};
		0856A61F2C099B34001198E1 /* Photos */ = {
			isa = PBXGroup;
			children = (
				0856A6202C099B45001198E1 /* PhotoService.swift */,
			);
			path = Photos;
			sourceTree = "<group>";
		};
		0875CA6B2C0A485100F55B9E /* cell */ = {
			isa = PBXGroup;
			children = (
				0875CA6C2C0A486100F55B9E /* AddRecordPhotoCell.swift */,
				0866DBC82C0B01D300FBBDB5 /* AddPhotoCell.swift */,
			);
			path = cell;
			sourceTree = "<group>";
		};
		08A3043F2C122C070014F24B /* Login */ = {
			isa = PBXGroup;
			children = (
				08A304402C122C160014F24B /* LoginRequestDTO.swift */,
				08A304422C122C360014F24B /* LoginResponseDTO.swift */,
			);
			path = Login;
			sourceTree = "<group>";
		};
		08B856452BF1D9260034E86D /* TicketBookDetail */ = {
			isa = PBXGroup;
			children = (
				08B856462BF1D9370034E86D /* TicketBookDetailVC.swift */,
			);
			path = TicketBookDetail;
			sourceTree = "<group>";
		};
		08D1F5C82C0D6F9E00F1AB49 /* Networking */ = {
			isa = PBXGroup;
			children = (
				08D1F5CD2C0D6FD900F1AB49 /* Network */,
				08D1F5CC2C0D6FD300F1AB49 /* DTOs */,
				08D1F5CB2C0D6FC900F1AB49 /* APIs */,
				08D1F5C92C0D6FAC00F1AB49 /* NetworkManager.swift */,
			);
			path = Networking;
			sourceTree = "<group>";
		};
		08D1F5CB2C0D6FC900F1AB49 /* APIs */ = {
			isa = PBXGroup;
			children = (
				08D1F5CE2C0D6FEA00F1AB49 /* TestAPI.swift */,
				081EDA9D2C102A54008573AF /* SignupAPI.swift */,
			);
			path = APIs;
			sourceTree = "<group>";
		};
		08D1F5CC2C0D6FD300F1AB49 /* DTOs */ = {
			isa = PBXGroup;
			children = (
				08A3043F2C122C070014F24B /* Login */,
				08D1F5D02C0D6FEF00F1AB49 /* TestDTO.swift */,
				081EDA9B2C1029FA008573AF /* SignupRequestDTO.swift */,
				081EDA9F2C102A77008573AF /* SignupResponseDTO.swift */,
			);
			path = DTOs;
			sourceTree = "<group>";
		};
		08D1F5CD2C0D6FD900F1AB49 /* Network */ = {
			isa = PBXGroup;
			children = (
				08D1F5D22C0D71B300F1AB49 /* HTTPMethods.swift */,
				08D1F5D42C0D71CF00F1AB49 /* NetworkError.swift */,
				08D1F5D62C0D71F100F1AB49 /* NetworkService.swift */,
				08D1F5D82C0D72AA00F1AB49 /* ServableAPI.swift */,
			);
			path = Network;
			sourceTree = "<group>";
		};
		08D1F5DA2C0D739B00F1AB49 /* NetworkingTest */ = {
			isa = PBXGroup;
			children = (
				08D1F5DB2C0D73A700F1AB49 /* NetworkingTestVC.swift */,
			);
			path = NetworkingTest;
			sourceTree = "<group>";
		};
		08E0F5852BFFB7DE000A046D /* cell */ = {
			isa = PBXGroup;
			children = (
				0851FD242BEDFDC4002B17E4 /* TicketBookCollectionViewCell.swift */,
				08E0F5832BFFB7D2000A046D /* TagCollectionViewCell.swift */,
			);
			path = cell;
			sourceTree = "<group>";
		};
		08E0F58A2C0017AF000A046D /* Views */ = {
			isa = PBXGroup;
			children = (
				08E0F58B2C0017BA000A046D /* NextButton.swift */,
			);
			path = Views;
			sourceTree = "<group>";
		};
		08E0F58D2C001C81000A046D /* cell */ = {
			isa = PBXGroup;
			children = (
				08E0F58E2C001C8D000A046D /* RecordTypeCollectionViewCell.swift */,
			);
			path = cell;
			sourceTree = "<group>";
		};
		08E0F5902C00271C000A046D /* AddRecord */ = {
			isa = PBXGroup;
			children = (
				0856A61C2C098F08001198E1 /* RecordPhoto */,
				08E0F5922C002785000A046D /* RecordDetail */,
				08E0F58A2C0017AF000A046D /* Views */,
				08E0F5912C002762000A046D /* RecordType */,
				38D97E682BF5D0E300A03D56 /* AddRecordVC.swift */,
			);
			path = AddRecord;
			sourceTree = "<group>";
		};
		08E0F5912C002762000A046D /* RecordType */ = {
			isa = PBXGroup;
			children = (
				08E0F58D2C001C81000A046D /* cell */,
				08E0F5882C0013F7000A046D /* RecordTypeVC.swift */,
				0845E53E2C0319F500B6A4D6 /* RecordType.swift */,
			);
			path = RecordType;
			sourceTree = "<group>";
		};
		08E0F5922C002785000A046D /* RecordDetail */ = {
			isa = PBXGroup;
			children = (
				0845E5402C031F9400B6A4D6 /* Views */,
				08E0F5932C0027A1000A046D /* AddRecordDetailVC.swift */,
			);
			path = RecordDetail;
			sourceTree = "<group>";
		};
		08E695162BE4A5DE0055AC48 /* View */ = {
			isa = PBXGroup;
			children = (
				0833EF732BE4BA810024FB2C /* Calendar */,
				08D0CF342BF71284005CBECA /* LabelWithPadding.swift */,
				083FBCC92BF8A4710054D010 /* ToolTipView.swift */,
				083FBCCB2BF8AF8D0054D010 /* LevelProgressView.swift */,
			);
			path = View;
			sourceTree = "<group>";
		};
		3874B5E52BE43247003376F7 = {
			isa = PBXGroup;
			children = (
				3874B5F02BE43247003376F7 /* ReCulture */,
				3874B5EF2BE43247003376F7 /* Products */,
			);
			sourceTree = "<group>";
		};
		3874B5EF2BE43247003376F7 /* Products */ = {
			isa = PBXGroup;
			children = (
				3874B5EE2BE43247003376F7 /* ReCulture.app */,
			);
			name = Products;
			sourceTree = "<group>";
		};
		3874B5F02BE43247003376F7 /* ReCulture */ = {
			isa = PBXGroup;
			children = (
				08D1F5C82C0D6F9E00F1AB49 /* Networking */,
				3874B6052BE43258003376F7 /* App */,
				3874B6062BE43265003376F7 /* Extension */,
				3874B60B2BE432C5003376F7 /* CustomView */,
				3874B60C2BE432CD003376F7 /* Scenes */,
				3874B5F52BE43247003376F7 /* ViewController.swift */,
				3874B5FA2BE43248003376F7 /* Assets.xcassets */,
				3874B5F72BE43247003376F7 /* Main.storyboard */,
				3874B5FC2BE43248003376F7 /* LaunchScreen.storyboard */,
				3874B5FF2BE43248003376F7 /* Info.plist */,
			);
			path = ReCulture;
			sourceTree = "<group>";
		};
		3874B6052BE43258003376F7 /* App */ = {
			isa = PBXGroup;
			children = (
				3874B5F12BE43247003376F7 /* AppDelegate.swift */,
				3874B5F32BE43247003376F7 /* SceneDelegate.swift */,
			);
			path = App;
			sourceTree = "<group>";
		};
		3874B6062BE43265003376F7 /* Extension */ = {
			isa = PBXGroup;
			children = (
				3874B6072BE4328A003376F7 /* Color.swift */,
				3874B6092BE43291003376F7 /* Font.swift */,
				38D97E662BF5D0CE00A03D56 /* CALayer.swift */,
				08D0CF362BF715E0005CBECA /* UIBezierPath+.swift */,
				08D0CF382BF716AC005CBECA /* UIView+.swift */,
				389F8A652BF7222C004593B5 /* Image.swift */,
				0866DBCA2C0B299200FBBDB5 /* UICollectionView+.swift */,
				0866DBD32C0BA57600FBBDB5 /* String+.swift */,
			);
			path = Extension;
			sourceTree = "<group>";
		};
		3874B60B2BE432C5003376F7 /* CustomView */ = {
			isa = PBXGroup;
			children = (
				3874B60D2BE432E0003376F7 /* TabBarVC.swift */,
				08C72DA92C06EECA00999350 /* HeaderView.swift */,
				0866DBCF2C0B455800FBBDB5 /* CustomButton.swift */,
			);
			path = CustomView;
			sourceTree = "<group>";
		};
		3874B60C2BE432CD003376F7 /* Scenes */ = {
			isa = PBXGroup;
			children = (
				08D1F5DA2C0D739B00F1AB49 /* NetworkingTest */,
				08E0F5902C00271C000A046D /* AddRecord */,
				3874B6142BE43346003376F7 /* Auth */,
				3874B6132BE4333F003376F7 /* Login */,
				3874B6122BE43336003376F7 /* Home */,
				3874B6112BE4332F003376F7 /* Search */,
				3874B6102BE43327003376F7 /* Record */,
				3874B60F2BE4331E003376F7 /* Mypage */,
			);
			path = Scenes;
			sourceTree = "<group>";
		};
		3874B60F2BE4331E003376F7 /* Mypage */ = {
			isa = PBXGroup;
			children = (
				3874B61F2BE43383003376F7 /* MypageVC.swift */,
				389F8A6F2BF725D4004593B5 /* ProfileTableViewCell.swift */,
				389F8A692BF7246A004593B5 /* ViewFriendVC.swift */,
				389F8A672BF72461004593B5 /* FriendRequestVC.swift */,
				389F8A6B2BF72474004593B5 /* EditProfileVC.swift */,
				389F8A632BF72168004593B5 /* EditPasswordVC.swift */,
				389F8A6D2BF7247F004593B5 /* WithdrawalVC.swift */,
			);
			path = Mypage;
			sourceTree = "<group>";
		};
		3874B6102BE43327003376F7 /* Record */ = {
			isa = PBXGroup;
			children = (
				0851FD212BEDEB2A002B17E4 /* TicketBook */,
				3874B61D2BE4337C003376F7 /* RecordVC.swift */,
			);
			path = Record;
			sourceTree = "<group>";
		};
		3874B6112BE4332F003376F7 /* Search */ = {
			isa = PBXGroup;
			children = (
				3874B61B2BE43373003376F7 /* SearchVC.swift */,
				385FD0D32BFFC44A005F0532 /* SearchRecordDetailVC.swift */,
			);
			path = Search;
			sourceTree = "<group>";
		};
		3874B6122BE43336003376F7 /* Home */ = {
			isa = PBXGroup;
			children = (
				08E695162BE4A5DE0055AC48 /* View */,
				3874B6192BE4336B003376F7 /* HomeVC.swift */,
			);
			path = Home;
			sourceTree = "<group>";
		};
		3874B6132BE4333F003376F7 /* Login */ = {
			isa = PBXGroup;
			children = (
				3874B6172BE43363003376F7 /* LoginVC.swift */,
			);
			path = Login;
			sourceTree = "<group>";
		};
		3874B6142BE43346003376F7 /* Auth */ = {
			isa = PBXGroup;
			children = (
				3874B6152BE4334F003376F7 /* AuthVC.swift */,
				0866DBD12C0B8BCF00FBBDB5 /* SignUpVC.swift */,
				08D1F5DD2C0D7F3F00F1AB49 /* NewUserProfileVC.swift */,
			);
			path = Auth;
			sourceTree = "<group>";
		};
/* End PBXGroup section */

/* Begin PBXNativeTarget section */
		3874B5ED2BE43247003376F7 /* ReCulture */ = {
			isa = PBXNativeTarget;
			buildConfigurationList = 3874B6022BE43248003376F7 /* Build configuration list for PBXNativeTarget "ReCulture" */;
			buildPhases = (
				3874B5EA2BE43247003376F7 /* Sources */,
				3874B5EB2BE43247003376F7 /* Frameworks */,
				3874B5EC2BE43247003376F7 /* Resources */,
			);
			buildRules = (
			);
			dependencies = (
			);
			name = ReCulture;
			productName = ReCulture;
			productReference = 3874B5EE2BE43247003376F7 /* ReCulture.app */;
			productType = "com.apple.product-type.application";
		};
/* End PBXNativeTarget section */

/* Begin PBXProject section */
		3874B5E62BE43247003376F7 /* Project object */ = {
			isa = PBXProject;
			attributes = {
				BuildIndependentTargetsInParallel = 1;
				LastSwiftUpdateCheck = 1530;
				LastUpgradeCheck = 1530;
				TargetAttributes = {
					3874B5ED2BE43247003376F7 = {
						CreatedOnToolsVersion = 15.3;
					};
				};
			};
			buildConfigurationList = 3874B5E92BE43247003376F7 /* Build configuration list for PBXProject "ReCulture" */;
			compatibilityVersion = "Xcode 14.0";
			developmentRegion = en;
			hasScannedForEncodings = 0;
			knownRegions = (
				en,
				Base,
			);
			mainGroup = 3874B5E52BE43247003376F7;
			productRefGroup = 3874B5EF2BE43247003376F7 /* Products */;
			projectDirPath = "";
			projectRoot = "";
			targets = (
				3874B5ED2BE43247003376F7 /* ReCulture */,
			);
		};
/* End PBXProject section */

/* Begin PBXResourcesBuildPhase section */
		3874B5EC2BE43247003376F7 /* Resources */ = {
			isa = PBXResourcesBuildPhase;
			buildActionMask = 2147483647;
			files = (
				3874B5FB2BE43248003376F7 /* Assets.xcassets in Resources */,
				08E0F5822BFF9CE6000A046D /* TicketImage.png in Resources */,
				3874B5FE2BE43248003376F7 /* Base in Resources */,
				3874B5F92BE43247003376F7 /* Base in Resources */,
			);
			runOnlyForDeploymentPostprocessing = 0;
		};
/* End PBXResourcesBuildPhase section */

/* Begin PBXSourcesBuildPhase section */
		3874B5EA2BE43247003376F7 /* Sources */ = {
			isa = PBXSourcesBuildPhase;
			buildActionMask = 2147483647;
			files = (
				08D1F5D72C0D71F100F1AB49 /* NetworkService.swift in Sources */,
				0866DBC92C0B01D300FBBDB5 /* AddPhotoCell.swift in Sources */,
				3874B5F62BE43247003376F7 /* ViewController.swift in Sources */,
				0851FD252BEDFDC4002B17E4 /* TicketBookCollectionViewCell.swift in Sources */,
				0833EF762BE4C0730024FB2C /* CalendarDateCell.swift in Sources */,
				0866DBD02C0B455800FBBDB5 /* CustomButton.swift in Sources */,
				3874B6082BE4328A003376F7 /* Color.swift in Sources */,
				08D1F5DC2C0D73A700F1AB49 /* NetworkingTestVC.swift in Sources */,
				0845E5422C031F9E00B6A4D6 /* CustomTextField.swift in Sources */,
				0833EF712BE4B9210024FB2C /* CustomCalendarView.swift in Sources */,
				08D0CF372BF715E0005CBECA /* UIBezierPath+.swift in Sources */,
				3874B6182BE43363003376F7 /* LoginVC.swift in Sources */,
				0866DBD42C0BA57600FBBDB5 /* String+.swift in Sources */,
				0856A61E2C098F18001198E1 /* AddRecordPhotoVC.swift in Sources */,
				08A304432C122C360014F24B /* LoginResponseDTO.swift in Sources */,
				3874B61A2BE4336B003376F7 /* HomeVC.swift in Sources */,
				081EDA9C2C1029FA008573AF /* SignupRequestDTO.swift in Sources */,
				08854E842C045208009E6AA6 /* FourTextFieldsView.swift in Sources */,
				0851FD232BEDEB35002B17E4 /* TicketBookVC.swift in Sources */,
				08D0CF392BF716AC005CBECA /* UIView+.swift in Sources */,
				083FBCCC2BF8AF8D0054D010 /* LevelProgressView.swift in Sources */,
				0866DBD22C0B8BCF00FBBDB5 /* SignUpVC.swift in Sources */,
				3874B60A2BE43291003376F7 /* Font.swift in Sources */,
				0845E53F2C0319F500B6A4D6 /* RecordType.swift in Sources */,
				08D1F5D92C0D72AA00F1AB49 /* ServableAPI.swift in Sources */,
				3874B5F22BE43247003376F7 /* AppDelegate.swift in Sources */,
				3874B61C2BE43373003376F7 /* SearchVC.swift in Sources */,
				08D0CF352BF71284005CBECA /* LabelWithPadding.swift in Sources */,
				38D97E692BF5D0E300A03D56 /* AddRecordVC.swift in Sources */,
				385FD0D42BFFC44A005F0532 /* SearchRecordDetailVC.swift in Sources */,
				08D1F5CA2C0D6FAC00F1AB49 /* NetworkManager.swift in Sources */,
				081EDAA02C102A77008573AF /* SignupResponseDTO.swift in Sources */,
				3874B6162BE4334F003376F7 /* AuthVC.swift in Sources */,
				08D1F5DE2C0D7F3F00F1AB49 /* NewUserProfileVC.swift in Sources */,
				389F8A662BF7222C004593B5 /* Image.swift in Sources */,
				08C72DAA2C06EECA00999350 /* HeaderView.swift in Sources */,
				088D5C162C05B4F500C574C4 /* FiveTextFieldsView.swift in Sources */,
				389F8A682BF72461004593B5 /* FriendRequestVC.swift in Sources */,
				3874B60E2BE432E0003376F7 /* TabBarVC.swift in Sources */,
				08E0F5892C0013F7000A046D /* RecordTypeVC.swift in Sources */,
				083FBCCA2BF8A4710054D010 /* ToolTipView.swift in Sources */,
				08E0F5842BFFB7D2000A046D /* TagCollectionViewCell.swift in Sources */,
				0875CA6D2C0A486100F55B9E /* AddRecordPhotoCell.swift in Sources */,
				08D1F5D52C0D71CF00F1AB49 /* NetworkError.swift in Sources */,
				081EDA9E2C102A54008573AF /* SignupAPI.swift in Sources */,
				08D1F5CF2C0D6FEA00F1AB49 /* TestAPI.swift in Sources */,
				0875CA6A2C0A07BC00F55B9E /* AddPhotoButtonView.swift in Sources */,
				38D97E672BF5D0CE00A03D56 /* CALayer.swift in Sources */,
				0856A6212C099B45001198E1 /* PhotoService.swift in Sources */,
				08D1F5D32C0D71B300F1AB49 /* HTTPMethods.swift in Sources */,
				389F8A6A2BF7246A004593B5 /* ViewFriendVC.swift in Sources */,
				08B856472BF1D9370034E86D /* TicketBookDetailVC.swift in Sources */,
				3874B6202BE43383003376F7 /* MypageVC.swift in Sources */,
				389F8A702BF725D4004593B5 /* ProfileTableViewCell.swift in Sources */,
				08E0F58F2C001C8D000A046D /* RecordTypeCollectionViewCell.swift in Sources */,
				08C4600D2BFA70BF00DE0BBB /* TagLabel.swift in Sources */,
				389F8A642BF72168004593B5 /* EditPasswordVC.swift in Sources */,
				08E0F5942C0027A1000A046D /* AddRecordDetailVC.swift in Sources */,
				3874B5F42BE43247003376F7 /* SceneDelegate.swift in Sources */,
				08A304412C122C160014F24B /* LoginRequestDTO.swift in Sources */,
				389F8A6E2BF7247F004593B5 /* WithdrawalVC.swift in Sources */,
				08D1F5D12C0D6FEF00F1AB49 /* TestDTO.swift in Sources */,
				3874B61E2BE4337C003376F7 /* RecordVC.swift in Sources */,
				08E0F58C2C0017BA000A046D /* NextButton.swift in Sources */,
				0866DBCB2C0B299200FBBDB5 /* UICollectionView+.swift in Sources */,
				389F8A6C2BF72474004593B5 /* EditProfileVC.swift in Sources */,
			);
			runOnlyForDeploymentPostprocessing = 0;
		};
/* End PBXSourcesBuildPhase section */

/* Begin PBXVariantGroup section */
		3874B5F72BE43247003376F7 /* Main.storyboard */ = {
			isa = PBXVariantGroup;
			children = (
				3874B5F82BE43247003376F7 /* Base */,
			);
			name = Main.storyboard;
			sourceTree = "<group>";
		};
		3874B5FC2BE43248003376F7 /* LaunchScreen.storyboard */ = {
			isa = PBXVariantGroup;
			children = (
				3874B5FD2BE43248003376F7 /* Base */,
			);
			name = LaunchScreen.storyboard;
			sourceTree = "<group>";
		};
/* End PBXVariantGroup section */

/* Begin XCBuildConfiguration section */
		3874B6002BE43248003376F7 /* Debug */ = {
			isa = XCBuildConfiguration;
			buildSettings = {
				ALWAYS_SEARCH_USER_PATHS = NO;
				ASSETCATALOG_COMPILER_GENERATE_SWIFT_ASSET_SYMBOL_EXTENSIONS = YES;
				CLANG_ANALYZER_NONNULL = YES;
				CLANG_ANALYZER_NUMBER_OBJECT_CONVERSION = YES_AGGRESSIVE;
				CLANG_CXX_LANGUAGE_STANDARD = "gnu++20";
				CLANG_ENABLE_MODULES = YES;
				CLANG_ENABLE_OBJC_ARC = YES;
				CLANG_ENABLE_OBJC_WEAK = YES;
				CLANG_WARN_BLOCK_CAPTURE_AUTORELEASING = YES;
				CLANG_WARN_BOOL_CONVERSION = YES;
				CLANG_WARN_COMMA = YES;
				CLANG_WARN_CONSTANT_CONVERSION = YES;
				CLANG_WARN_DEPRECATED_OBJC_IMPLEMENTATIONS = YES;
				CLANG_WARN_DIRECT_OBJC_ISA_USAGE = YES_ERROR;
				CLANG_WARN_DOCUMENTATION_COMMENTS = YES;
				CLANG_WARN_EMPTY_BODY = YES;
				CLANG_WARN_ENUM_CONVERSION = YES;
				CLANG_WARN_INFINITE_RECURSION = YES;
				CLANG_WARN_INT_CONVERSION = YES;
				CLANG_WARN_NON_LITERAL_NULL_CONVERSION = YES;
				CLANG_WARN_OBJC_IMPLICIT_RETAIN_SELF = YES;
				CLANG_WARN_OBJC_LITERAL_CONVERSION = YES;
				CLANG_WARN_OBJC_ROOT_CLASS = YES_ERROR;
				CLANG_WARN_QUOTED_INCLUDE_IN_FRAMEWORK_HEADER = YES;
				CLANG_WARN_RANGE_LOOP_ANALYSIS = YES;
				CLANG_WARN_STRICT_PROTOTYPES = YES;
				CLANG_WARN_SUSPICIOUS_MOVE = YES;
				CLANG_WARN_UNGUARDED_AVAILABILITY = YES_AGGRESSIVE;
				CLANG_WARN_UNREACHABLE_CODE = YES;
				CLANG_WARN__DUPLICATE_METHOD_MATCH = YES;
				COPY_PHASE_STRIP = NO;
				DEBUG_INFORMATION_FORMAT = dwarf;
				ENABLE_STRICT_OBJC_MSGSEND = YES;
				ENABLE_TESTABILITY = YES;
				ENABLE_USER_SCRIPT_SANDBOXING = YES;
				GCC_C_LANGUAGE_STANDARD = gnu17;
				GCC_DYNAMIC_NO_PIC = NO;
				GCC_NO_COMMON_BLOCKS = YES;
				GCC_OPTIMIZATION_LEVEL = 0;
				GCC_PREPROCESSOR_DEFINITIONS = (
					"DEBUG=1",
					"$(inherited)",
				);
				GCC_WARN_64_TO_32_BIT_CONVERSION = YES;
				GCC_WARN_ABOUT_RETURN_TYPE = YES_ERROR;
				GCC_WARN_UNDECLARED_SELECTOR = YES;
				GCC_WARN_UNINITIALIZED_AUTOS = YES_AGGRESSIVE;
				GCC_WARN_UNUSED_FUNCTION = YES;
				GCC_WARN_UNUSED_VARIABLE = YES;
				IPHONEOS_DEPLOYMENT_TARGET = 16.0;
				LOCALIZATION_PREFERS_STRING_CATALOGS = YES;
				MTL_ENABLE_DEBUG_INFO = INCLUDE_SOURCE;
				MTL_FAST_MATH = YES;
				ONLY_ACTIVE_ARCH = YES;
				SDKROOT = iphoneos;
				SWIFT_ACTIVE_COMPILATION_CONDITIONS = "DEBUG $(inherited)";
				SWIFT_OPTIMIZATION_LEVEL = "-Onone";
			};
			name = Debug;
		};
		3874B6012BE43248003376F7 /* Release */ = {
			isa = XCBuildConfiguration;
			buildSettings = {
				ALWAYS_SEARCH_USER_PATHS = NO;
				ASSETCATALOG_COMPILER_GENERATE_SWIFT_ASSET_SYMBOL_EXTENSIONS = YES;
				CLANG_ANALYZER_NONNULL = YES;
				CLANG_ANALYZER_NUMBER_OBJECT_CONVERSION = YES_AGGRESSIVE;
				CLANG_CXX_LANGUAGE_STANDARD = "gnu++20";
				CLANG_ENABLE_MODULES = YES;
				CLANG_ENABLE_OBJC_ARC = YES;
				CLANG_ENABLE_OBJC_WEAK = YES;
				CLANG_WARN_BLOCK_CAPTURE_AUTORELEASING = YES;
				CLANG_WARN_BOOL_CONVERSION = YES;
				CLANG_WARN_COMMA = YES;
				CLANG_WARN_CONSTANT_CONVERSION = YES;
				CLANG_WARN_DEPRECATED_OBJC_IMPLEMENTATIONS = YES;
				CLANG_WARN_DIRECT_OBJC_ISA_USAGE = YES_ERROR;
				CLANG_WARN_DOCUMENTATION_COMMENTS = YES;
				CLANG_WARN_EMPTY_BODY = YES;
				CLANG_WARN_ENUM_CONVERSION = YES;
				CLANG_WARN_INFINITE_RECURSION = YES;
				CLANG_WARN_INT_CONVERSION = YES;
				CLANG_WARN_NON_LITERAL_NULL_CONVERSION = YES;
				CLANG_WARN_OBJC_IMPLICIT_RETAIN_SELF = YES;
				CLANG_WARN_OBJC_LITERAL_CONVERSION = YES;
				CLANG_WARN_OBJC_ROOT_CLASS = YES_ERROR;
				CLANG_WARN_QUOTED_INCLUDE_IN_FRAMEWORK_HEADER = YES;
				CLANG_WARN_RANGE_LOOP_ANALYSIS = YES;
				CLANG_WARN_STRICT_PROTOTYPES = YES;
				CLANG_WARN_SUSPICIOUS_MOVE = YES;
				CLANG_WARN_UNGUARDED_AVAILABILITY = YES_AGGRESSIVE;
				CLANG_WARN_UNREACHABLE_CODE = YES;
				CLANG_WARN__DUPLICATE_METHOD_MATCH = YES;
				COPY_PHASE_STRIP = NO;
				DEBUG_INFORMATION_FORMAT = "dwarf-with-dsym";
				ENABLE_NS_ASSERTIONS = NO;
				ENABLE_STRICT_OBJC_MSGSEND = YES;
				ENABLE_USER_SCRIPT_SANDBOXING = YES;
				GCC_C_LANGUAGE_STANDARD = gnu17;
				GCC_NO_COMMON_BLOCKS = YES;
				GCC_WARN_64_TO_32_BIT_CONVERSION = YES;
				GCC_WARN_ABOUT_RETURN_TYPE = YES_ERROR;
				GCC_WARN_UNDECLARED_SELECTOR = YES;
				GCC_WARN_UNINITIALIZED_AUTOS = YES_AGGRESSIVE;
				GCC_WARN_UNUSED_FUNCTION = YES;
				GCC_WARN_UNUSED_VARIABLE = YES;
				IPHONEOS_DEPLOYMENT_TARGET = 16.0;
				LOCALIZATION_PREFERS_STRING_CATALOGS = YES;
				MTL_ENABLE_DEBUG_INFO = NO;
				MTL_FAST_MATH = YES;
				SDKROOT = iphoneos;
				SWIFT_COMPILATION_MODE = wholemodule;
				VALIDATE_PRODUCT = YES;
			};
			name = Release;
		};
		3874B6032BE43248003376F7 /* Debug */ = {
			isa = XCBuildConfiguration;
			buildSettings = {
				ASSETCATALOG_COMPILER_APPICON_NAME = AppIcon;
				ASSETCATALOG_COMPILER_GLOBAL_ACCENT_COLOR_NAME = AccentColor;
				CODE_SIGN_STYLE = Automatic;
				CURRENT_PROJECT_VERSION = 1;
				GENERATE_INFOPLIST_FILE = YES;
				INFOPLIST_FILE = ReCulture/Info.plist;
				INFOPLIST_KEY_UIApplicationSupportsIndirectInputEvents = YES;
				INFOPLIST_KEY_UILaunchStoryboardName = LaunchScreen;
				INFOPLIST_KEY_UIMainStoryboardFile = "";
				INFOPLIST_KEY_UISupportedInterfaceOrientations_iPad = "UIInterfaceOrientationPortrait UIInterfaceOrientationPortraitUpsideDown UIInterfaceOrientationLandscapeLeft UIInterfaceOrientationLandscapeRight";
				INFOPLIST_KEY_UISupportedInterfaceOrientations_iPhone = "UIInterfaceOrientationPortrait UIInterfaceOrientationLandscapeLeft UIInterfaceOrientationLandscapeRight";
				IPHONEOS_DEPLOYMENT_TARGET = 16.0;
				LD_RUNPATH_SEARCH_PATHS = (
					"$(inherited)",
					"@executable_path/Frameworks",
				);
				MARKETING_VERSION = 1.0;
				PRODUCT_BUNDLE_IDENTIFIER = com.smwu.ReCulture;
				PRODUCT_NAME = "$(TARGET_NAME)";
				SWIFT_EMIT_LOC_STRINGS = YES;
				SWIFT_VERSION = 5.0;
				TARGETED_DEVICE_FAMILY = "1,2";
			};
			name = Debug;
		};
		3874B6042BE43248003376F7 /* Release */ = {
			isa = XCBuildConfiguration;
			buildSettings = {
				ASSETCATALOG_COMPILER_APPICON_NAME = AppIcon;
				ASSETCATALOG_COMPILER_GLOBAL_ACCENT_COLOR_NAME = AccentColor;
				CODE_SIGN_STYLE = Automatic;
				CURRENT_PROJECT_VERSION = 1;
				GENERATE_INFOPLIST_FILE = YES;
				INFOPLIST_FILE = ReCulture/Info.plist;
				INFOPLIST_KEY_UIApplicationSupportsIndirectInputEvents = YES;
				INFOPLIST_KEY_UILaunchStoryboardName = LaunchScreen;
				INFOPLIST_KEY_UIMainStoryboardFile = "";
				INFOPLIST_KEY_UISupportedInterfaceOrientations_iPad = "UIInterfaceOrientationPortrait UIInterfaceOrientationPortraitUpsideDown UIInterfaceOrientationLandscapeLeft UIInterfaceOrientationLandscapeRight";
				INFOPLIST_KEY_UISupportedInterfaceOrientations_iPhone = "UIInterfaceOrientationPortrait UIInterfaceOrientationLandscapeLeft UIInterfaceOrientationLandscapeRight";
				IPHONEOS_DEPLOYMENT_TARGET = 16.0;
				LD_RUNPATH_SEARCH_PATHS = (
					"$(inherited)",
					"@executable_path/Frameworks",
				);
				MARKETING_VERSION = 1.0;
				PRODUCT_BUNDLE_IDENTIFIER = com.smwu.ReCulture;
				PRODUCT_NAME = "$(TARGET_NAME)";
				SWIFT_EMIT_LOC_STRINGS = YES;
				SWIFT_VERSION = 5.0;
				TARGETED_DEVICE_FAMILY = "1,2";
			};
			name = Release;
		};
/* End XCBuildConfiguration section */

/* Begin XCConfigurationList section */
		3874B5E92BE43247003376F7 /* Build configuration list for PBXProject "ReCulture" */ = {
			isa = XCConfigurationList;
			buildConfigurations = (
				3874B6002BE43248003376F7 /* Debug */,
				3874B6012BE43248003376F7 /* Release */,
			);
			defaultConfigurationIsVisible = 0;
			defaultConfigurationName = Release;
		};
		3874B6022BE43248003376F7 /* Build configuration list for PBXNativeTarget "ReCulture" */ = {
			isa = XCConfigurationList;
			buildConfigurations = (
				3874B6032BE43248003376F7 /* Debug */,
				3874B6042BE43248003376F7 /* Release */,
			);
			defaultConfigurationIsVisible = 0;
			defaultConfigurationName = Release;
		};
/* End XCConfigurationList section */
	};
	rootObject = 3874B5E62BE43247003376F7 /* Project object */;
}
